
Microsoft Visual Studio Solution File, Format Version 12.00
# Visual Studio Version 17
VisualStudioVersion = 17.10.35013.160
MinimumVisualStudioVersion = 10.0.40219.1
Project("{8BC9CEB8-8B4A-11D0-8D11-00A0C91BC942}") = "BinanceOrderBookEngine", "src\orderbook\BinanceOrderBookEngine.vcxproj", "{934D74A1-6084-4200-8849-629DCFE57F31}"
EndProject
Project("{8BC9CEB8-8B4A-11D0-8D11-00A0C91BC942}") = "binapi_lib", "src\binapi_lib\binapi_lib.vcxproj", "{9A89C34C-84AC-4D3E-925D-BC376F866C2D}"
EndProject
Project("{888888A0-9F3D-457C-B088-3A5042F75D52}") = "visualizepython", "src\visualizepython\visualizepython.pyproj", "{056D2DFE-5158-4DE6-B83E-720951302B85}"
EndProject
Global
	GlobalSection(SolutionConfigurationPlatforms) = preSolution
		Debug|Any CPU = Debug|Any CPU
		Debug|x64 = Debug|x64
		Debug|x86 = Debug|x86
		Release|Any CPU = Release|Any CPU
		Release|x64 = Release|x64
		Release|x86 = Release|x86
	EndGlobalSection
	GlobalSection(ProjectConfigurationPlatforms) = postSolution
		{934D74A1-6084-4200-8849-629DCFE57F31}.Debug|Any CPU.ActiveCfg = Debug|x64
		{934D74A1-6084-4200-8849-629DCFE57F31}.Debug|Any CPU.Build.0 = Debug|x64
		{934D74A1-6084-4200-8849-629DCFE57F31}.Debug|x64.ActiveCfg = Debug|x64
		{934D74A1-6084-4200-8849-629DCFE57F31}.Debug|x64.Build.0 = Debug|x64
		{934D74A1-6084-4200-8849-629DCFE57F31}.Debug|x86.ActiveCfg = Debug|Win32
		{934D74A1-6084-4200-8849-629DCFE57F31}.Debug|x86.Build.0 = Debug|Win32
		{934D74A1-6084-4200-8849-629DCFE57F31}.Release|Any CPU.ActiveCfg = Release|x64
		{934D74A1-6084-4200-8849-629DCFE57F31}.Release|Any CPU.Build.0 = Release|x64
		{934D74A1-6084-4200-8849-629DCFE57F31}.Release|x64.ActiveCfg = Release|x64
		{934D74A1-6084-4200-8849-629DCFE57F31}.Release|x64.Build.0 = Release|x64
		{934D74A1-6084-4200-8849-629DCFE57F31}.Release|x86.ActiveCfg = Release|Win32
		{934D74A1-6084-4200-8849-629DCFE57F31}.Release|x86.Build.0 = Release|Win32
		{9A89C34C-84AC-4D3E-925D-BC376F866C2D}.Debug|Any CPU.ActiveCfg = Debug|x64
		{9A89C34C-84AC-4D3E-925D-BC376F866C2D}.Debug|Any CPU.Build.0 = Debug|x64
		{9A89C34C-84AC-4D3E-925D-BC376F866C2D}.Debug|x64.ActiveCfg = Debug|x64
		{9A89C34C-84AC-4D3E-925D-BC376F866C2D}.Debug|x64.Build.0 = Debug|x64
		{9A89C34C-84AC-4D3E-925D-BC376F866C2D}.Debug|x86.ActiveCfg = Debug|Win32
		{9A89C34C-84AC-4D3E-925D-BC376F866C2D}.Debug|x86.Build.0 = Debug|Win32
		{9A89C34C-84AC-4D3E-925D-BC376F866C2D}.Release|Any CPU.ActiveCfg = Release|x64
		{9A89C34C-84AC-4D3E-925D-BC376F866C2D}.Release|Any CPU.Build.0 = Release|x64
		{9A89C34C-84AC-4D3E-925D-BC376F866C2D}.Release|x64.ActiveCfg = Release|x64
		{9A89C34C-84AC-4D3E-925D-BC376F866C2D}.Release|x64.Build.0 = Release|x64
		{9A89C34C-84AC-4D3E-925D-BC376F866C2D}.Release|x86.ActiveCfg = Release|Win32
		{9A89C34C-84AC-4D3E-925D-BC376F866C2D}.Release|x86.Build.0 = Release|Win32
		{056D2DFE-5158-4DE6-B83E-720951302B85}.Debug|Any CPU.ActiveCfg = Debug|Any CPU
		{056D2DFE-5158-4DE6-B83E-720951302B85}.Debug|x64.ActiveCfg = Debug|Any CPU
		{056D2DFE-5158-4DE6-B83E-720951302B85}.Debug|x86.ActiveCfg = Debug|Any CPU
		{056D2DFE-5158-4DE6-B83E-720951302B85}.Release|Any CPU.ActiveCfg = Release|Any CPU
		{056D2DFE-5158-4DE6-B83E-720951302B85}.Release|x64.ActiveCfg = Release|Any CPU
		{056D2DFE-5158-4DE6-B83E-720951302B85}.Release|x86.ActiveCfg = Release|Any CPU
	EndGlobalSection
	GlobalSection(SolutionProperties) = preSolution
		HideSolutionNode = FALSE
	EndGlobalSection
	GlobalSection(ExtensibilityGlobals) = postSolution
		SolutionGuid = {36EB1550-CB9A-4D5C-BCC1-264AAE64A4A7}
	EndGlobalSection
EndGlobal
